{
  "nodes": {
    "nixpkgs": {
      "locked": {
        "lastModified": 1770019141,
        "narHash": "sha256-VKS4ZLNx4PNrABoB0L8KUpc1fE7CLpQXQs985tGfaCU=",
        "rev": "cb369ef2efd432b3cdf8622b0ffc0a97a02f3137",
        "revCount": 938841,
        "type": "tarball",
        "url": "https://api.flakehub.com/f/pinned/NixOS/nixpkgs/0.1.938841%2Brev-cb369ef2efd432b3cdf8622b0ffc0a97a02f3137/019c1f48-32f8-7d45-bec1-c52b0c05b6c1/source.tar.gz"
      },
      "original": {
        "type": "tarball",
        "url": "https://flakehub.com/f/NixOS/nixpkgs/0.1"
      }
    },
    "root": {
      "inputs": {
        "nixpkgs": "nixpkgs"
      }
    }
  },
  "root": "root",
  "version": 7
}
